
Microsoft Visual Studio Solution File, Format Version 12.00
Project("{FAE04EC0-301F-11D3-BF4B-00C04F79EFBC}") = "SRWheel.TestConsole", "SRWheel.TestConsole\SRWheel.TestConsole.csproj", "{405682F9-E71F-4E86-A43F-97BE7A664382}"
EndProject
Project("{FAE04EC0-301F-11D3-BF4B-00C04F79EFBC}") = "SRWheel.LedController", "SRWheel.LedController\SRWheel.LedController.csproj", "{9D14259E-8DCB-4EA5-A7D8-E3005BC79284}"
EndProject
Global
	GlobalSection(SolutionConfigurationPlatforms) = preSolution
		Debug|Any CPU = Debug|Any CPU
		Release|Any CPU = Release|Any CPU
	EndGlobalSection
	GlobalSection(ProjectConfigurationPlatforms) = postSolution
		{405682F9-E71F-4E86-A43F-97BE7A664382}.Debug|Any CPU.ActiveCfg = Debug|Any CPU
		{405682F9-E71F-4E86-A43F-97BE7A664382}.Debug|Any CPU.Build.0 = Debug|Any CPU
		{405682F9-E71F-4E86-A43F-97BE7A664382}.Release|Any CPU.ActiveCfg = Release|Any CPU
		{405682F9-E71F-4E86-A43F-97BE7A664382}.Release|Any CPU.Build.0 = Release|Any CPU
		{9D14259E-8DCB-4EA5-A7D8-E3005BC79284}.Debug|Any CPU.ActiveCfg = Debug|Any CPU
		{9D14259E-8DCB-4EA5-A7D8-E3005BC79284}.Debug|Any CPU.Build.0 = Debug|Any CPU
		{9D14259E-8DCB-4EA5-A7D8-E3005BC79284}.Release|Any CPU.ActiveCfg = Release|Any CPU
		{9D14259E-8DCB-4EA5-A7D8-E3005BC79284}.Release|Any CPU.Build.0 = Release|Any CPU
	EndGlobalSection
EndGlobal
